// !$*UTF8*$!
{
	archiveVersion = 1;
	classes = {
	};
	objectVersion = 55;
	objects = {

/* Begin PBXBuildFile section */
		C095ADED282BE50400BA10D5 /* AppDelegate.swift in Sources */ = {isa = PBXBuildFile; fileRef = C095ADEC282BE50400BA10D5 /* AppDelegate.swift */; };
		C095ADEF282BE50400BA10D5 /* SceneDelegate.swift in Sources */ = {isa = PBXBuildFile; fileRef = C095ADEE282BE50400BA10D5 /* SceneDelegate.swift */; };
		C095ADF1282BE50400BA10D5 /* FeedViewController.swift in Sources */ = {isa = PBXBuildFile; fileRef = C095ADF0282BE50400BA10D5 /* FeedViewController.swift */; };
		C095ADF6282BE50700BA10D5 /* Assets.xcassets in Resources */ = {isa = PBXBuildFile; fileRef = C095ADF5282BE50700BA10D5 /* Assets.xcassets */; };
		C095ADF9282BE50700BA10D5 /* LaunchScreen.storyboard in Resources */ = {isa = PBXBuildFile; fileRef = C095ADF7282BE50700BA10D5 /* LaunchScreen.storyboard */; };
		C095AE02282BE55300BA10D5 /* SnapKit in Frameworks */ = {isa = PBXBuildFile; productRef = C095AE01282BE55300BA10D5 /* SnapKit */; };
		C095AE04282BFD7600BA10D5 /* TabBarController.swift in Sources */ = {isa = PBXBuildFile; fileRef = C095AE03282BFD7600BA10D5 /* TabBarController.swift */; };
		C095AE07282E3E6900BA10D5 /* FeedTableViewCell.swift in Sources */ = {isa = PBXBuildFile; fileRef = C095AE06282E3E6900BA10D5 /* FeedTableViewCell.swift */; };
		C095AE09282FAF7E00BA10D5 /* UIButton+.swift in Sources */ = {isa = PBXBuildFile; fileRef = C095AE08282FAF7E00BA10D5 /* UIButton+.swift */; };
		C095AE0B282FDE0200BA10D5 /* ProfileViewController.swift in Sources */ = {isa = PBXBuildFile; fileRef = C095AE0A282FDE0200BA10D5 /* ProfileViewController.swift */; };
		C095AE0F282FE87200BA10D5 /* ProfileDataView.swift in Sources */ = {isa = PBXBuildFile; fileRef = C095AE0E282FE87200BA10D5 /* ProfileDataView.swift */; };
		C095AE1128301D4400BA10D5 /* ProfileCollectionViewCell.swift in Sources */ = {isa = PBXBuildFile; fileRef = C095AE1028301D4400BA10D5 /* ProfileCollectionViewCell.swift */; };
/* End PBXBuildFile section */

/* Begin PBXFileReference section */
		C095ADE9282BE50400BA10D5 /* InstagramCloneApp.app */ = {isa = PBXFileReference; explicitFileType = wrapper.application; includeInIndex = 0; path = InstagramCloneApp.app; sourceTree = BUILT_PRODUCTS_DIR; };
		C095ADEC282BE50400BA10D5 /* AppDelegate.swift */ = {isa = PBXFileReference; lastKnownFileType = sourcecode.swift; path = AppDelegate.swift; sourceTree = "<group>"; };
		C095ADEE282BE50400BA10D5 /* SceneDelegate.swift */ = {isa = PBXFileReference; lastKnownFileType = sourcecode.swift; path = SceneDelegate.swift; sourceTree = "<group>"; };
		C095ADF0282BE50400BA10D5 /* FeedViewController.swift */ = {isa = PBXFileReference; lastKnownFileType = sourcecode.swift; path = FeedViewController.swift; sourceTree = "<group>"; };
		C095ADF5282BE50700BA10D5 /* Assets.xcassets */ = {isa = PBXFileReference; lastKnownFileType = folder.assetcatalog; path = Assets.xcassets; sourceTree = "<group>"; };
		C095ADF8282BE50700BA10D5 /* Base */ = {isa = PBXFileReference; lastKnownFileType = file.storyboard; name = Base; path = Base.lproj/LaunchScreen.storyboard; sourceTree = "<group>"; };
		C095ADFA282BE50700BA10D5 /* Info.plist */ = {isa = PBXFileReference; lastKnownFileType = text.plist.xml; path = Info.plist; sourceTree = "<group>"; };
		C095AE03282BFD7600BA10D5 /* TabBarController.swift */ = {isa = PBXFileReference; lastKnownFileType = sourcecode.swift; path = TabBarController.swift; sourceTree = "<group>"; };
		C095AE06282E3E6900BA10D5 /* FeedTableViewCell.swift */ = {isa = PBXFileReference; lastKnownFileType = sourcecode.swift; path = FeedTableViewCell.swift; sourceTree = "<group>"; };
		C095AE08282FAF7E00BA10D5 /* UIButton+.swift */ = {isa = PBXFileReference; lastKnownFileType = sourcecode.swift; path = "UIButton+.swift"; sourceTree = "<group>"; };
		C095AE0A282FDE0200BA10D5 /* ProfileViewController.swift */ = {isa = PBXFileReference; lastKnownFileType = sourcecode.swift; path = ProfileViewController.swift; sourceTree = "<group>"; };
		C095AE0E282FE87200BA10D5 /* ProfileDataView.swift */ = {isa = PBXFileReference; lastKnownFileType = sourcecode.swift; path = ProfileDataView.swift; sourceTree = "<group>"; };
		C095AE1028301D4400BA10D5 /* ProfileCollectionViewCell.swift */ = {isa = PBXFileReference; lastKnownFileType = sourcecode.swift; path = ProfileCollectionViewCell.swift; sourceTree = "<group>"; };
/* End PBXFileReference section */

/* Begin PBXFrameworksBuildPhase section */
		C095ADE6282BE50400BA10D5 /* Frameworks */ = {
			isa = PBXFrameworksBuildPhase;
			buildActionMask = 2147483647;
			files = (
				C095AE02282BE55300BA10D5 /* SnapKit in Frameworks */,
			);
			runOnlyForDeploymentPostprocessing = 0;
		};
/* End PBXFrameworksBuildPhase section */

/* Begin PBXGroup section */
		C095ADE0282BE50400BA10D5 = {
			isa = PBXGroup;
			children = (
				C095ADEB282BE50400BA10D5 /* InstagramCloneApp */,
				C095ADEA282BE50400BA10D5 /* Products */,
			);
			sourceTree = "<group>";
		};
		C095ADEA282BE50400BA10D5 /* Products */ = {
			isa = PBXGroup;
			children = (
				C095ADE9282BE50400BA10D5 /* InstagramCloneApp.app */,
			);
			name = Products;
			sourceTree = "<group>";
		};
		C095ADEB282BE50400BA10D5 /* InstagramCloneApp */ = {
			isa = PBXGroup;
			children = (
				C095ADEC282BE50400BA10D5 /* AppDelegate.swift */,
				C095ADEE282BE50400BA10D5 /* SceneDelegate.swift */,
				C095AE08282FAF7E00BA10D5 /* UIButton+.swift */,
				C095AE05282BFD8800BA10D5 /* Scenes */,
				C095ADF5282BE50700BA10D5 /* Assets.xcassets */,
				C095ADF7282BE50700BA10D5 /* LaunchScreen.storyboard */,
				C095ADFA282BE50700BA10D5 /* Info.plist */,
			);
			path = InstagramCloneApp;
			sourceTree = "<group>";
		};
		C095AE05282BFD8800BA10D5 /* Scenes */ = {
			isa = PBXGroup;
			children = (
				C095AE0C282FDEF600BA10D5 /* Feed */,
				C095AE03282BFD7600BA10D5 /* TabBarController.swift */,
				C095AE0D282FDF0200BA10D5 /* Profile */,
			);
			path = Scenes;
			sourceTree = "<group>";
		};
		C095AE0C282FDEF600BA10D5 /* Feed */ = {
			isa = PBXGroup;
			children = (
				C095ADF0282BE50400BA10D5 /* FeedViewController.swift */,
				C095AE06282E3E6900BA10D5 /* FeedTableViewCell.swift */,
			);
			path = Feed;
			sourceTree = "<group>";
		};
		C095AE0D282FDF0200BA10D5 /* Profile */ = {
			isa = PBXGroup;
			children = (
				C095AE0A282FDE0200BA10D5 /* ProfileViewController.swift */,
				C095AE0E282FE87200BA10D5 /* ProfileDataView.swift */,
				C095AE1028301D4400BA10D5 /* ProfileCollectionViewCell.swift */,
			);
			path = Profile;
			sourceTree = "<group>";
		};
/* End PBXGroup section */

/* Begin PBXNativeTarget section */
		C095ADE8282BE50400BA10D5 /* InstagramCloneApp */ = {
			isa = PBXNativeTarget;
			buildConfigurationList = C095ADFD282BE50700BA10D5 /* Build configuration list for PBXNativeTarget "InstagramCloneApp" */;
			buildPhases = (
				C095ADE5282BE50400BA10D5 /* Sources */,
				C095ADE6282BE50400BA10D5 /* Frameworks */,
				C095ADE7282BE50400BA10D5 /* Resources */,
			);
			buildRules = (
			);
			dependencies = (
			);
			name = InstagramCloneApp;
			packageProductDependencies = (
				C095AE01282BE55300BA10D5 /* SnapKit */,
			);
			productName = InstagramCloneApp;
			productReference = C095ADE9282BE50400BA10D5 /* InstagramCloneApp.app */;
			productType = "com.apple.product-type.application";
		};
/* End PBXNativeTarget section */

/* Begin PBXProject section */
		C095ADE1282BE50400BA10D5 /* Project object */ = {
			isa = PBXProject;
			attributes = {
				BuildIndependentTargetsInParallel = 1;
				LastSwiftUpdateCheck = 1330;
				LastUpgradeCheck = 1330;
				TargetAttributes = {
					C095ADE8282BE50400BA10D5 = {
						CreatedOnToolsVersion = 13.3.1;
					};
				};
			};
			buildConfigurationList = C095ADE4282BE50400BA10D5 /* Build configuration list for PBXProject "InstagramCloneApp" */;
			compatibilityVersion = "Xcode 13.0";
			developmentRegion = en;
			hasScannedForEncodings = 0;
			knownRegions = (
				en,
				Base,
			);
			mainGroup = C095ADE0282BE50400BA10D5;
			packageReferences = (
				C095AE00282BE55300BA10D5 /* XCRemoteSwiftPackageReference "SnapKit" */,
			);
			productRefGroup = C095ADEA282BE50400BA10D5 /* Products */;
			projectDirPath = "";
			projectRoot = "";
			targets = (
				C095ADE8282BE50400BA10D5 /* InstagramCloneApp */,
			);
		};
/* End PBXProject section */

/* Begin PBXResourcesBuildPhase section */
		C095ADE7282BE50400BA10D5 /* Resources */ = {
			isa = PBXResourcesBuildPhase;
			buildActionMask = 2147483647;
			files = (
				C095ADF9282BE50700BA10D5 /* LaunchScreen.storyboard in Resources */,
				C095ADF6282BE50700BA10D5 /* Assets.xcassets in Resources */,
			);
			runOnlyForDeploymentPostprocessing = 0;
		};
/* End PBXResourcesBuildPhase section */

/* Begin PBXSourcesBuildPhase section */
		C095ADE5282BE50400BA10D5 /* Sources */ = {
			isa = PBXSourcesBuildPhase;
			buildActionMask = 2147483647;
			files = (
				C095ADF1282BE50400BA10D5 /* FeedViewController.swift in Sources */,
				C095AE1128301D4400BA10D5 /* ProfileCollectionViewCell.swift in Sources */,
				C095AE09282FAF7E00BA10D5 /* UIButton+.swift in Sources */,
				C095AE04282BFD7600BA10D5 /* TabBarController.swift in Sources */,
				C095ADED282BE50400BA10D5 /* AppDelegate.swift in Sources */,
				C095AE0B282FDE0200BA10D5 /* ProfileViewController.swift in Sources */,
				C095ADEF282BE50400BA10D5 /* SceneDelegate.swift in Sources */,
				C095AE0F282FE87200BA10D5 /* ProfileDataView.swift in Sources */,
				C095AE07282E3E6900BA10D5 /* FeedTableViewCell.swift in Sources */,
			);
			runOnlyForDeploymentPostprocessing = 0;
		};
/* End PBXSourcesBuildPhase section */

/* Begin PBXVariantGroup section */
		C095ADF7282BE50700BA10D5 /* LaunchScreen.storyboard */ = {
			isa = PBXVariantGroup;
			children = (
				C095ADF8282BE50700BA10D5 /* Base */,
			);
			name = LaunchScreen.storyboard;
			sourceTree = "<group>";
		};
/* End PBXVariantGroup section */

/* Begin XCBuildConfiguration section */
		C095ADFB282BE50700BA10D5 /* Debug */ = {
			isa = XCBuildConfiguration;
			buildSettings = {
				ALWAYS_SEARCH_USER_PATHS = NO;
				CLANG_ANALYZER_NONNULL = YES;
				CLANG_ANALYZER_NUMBER_OBJECT_CONVERSION = YES_AGGRESSIVE;
				CLANG_CXX_LANGUAGE_STANDARD = "gnu++17";
				CLANG_ENABLE_MODULES = YES;
				CLANG_ENABLE_OBJC_ARC = YES;
				CLANG_ENABLE_OBJC_WEAK = YES;
				CLANG_WARN_BLOCK_CAPTURE_AUTORELEASING = YES;
				CLANG_WARN_BOOL_CONVERSION = YES;
				CLANG_WARN_COMMA = YES;
				CLANG_WARN_CONSTANT_CONVERSION = YES;
				CLANG_WARN_DEPRECATED_OBJC_IMPLEMENTATIONS = YES;
				CLANG_WARN_DIRECT_OBJC_ISA_USAGE = YES_ERROR;
				CLANG_WARN_DOCUMENTATION_COMMENTS = YES;
				CLANG_WARN_EMPTY_BODY = YES;
				CLANG_WARN_ENUM_CONVERSION = YES;
				CLANG_WARN_INFINITE_RECURSION = YES;
				CLANG_WARN_INT_CONVERSION = YES;
				CLANG_WARN_NON_LITERAL_NULL_CONVERSION = YES;
				CLANG_WARN_OBJC_IMPLICIT_RETAIN_SELF = YES;
				CLANG_WARN_OBJC_LITERAL_CONVERSION = YES;
				CLANG_WARN_OBJC_ROOT_CLASS = YES_ERROR;
				CLANG_WARN_QUOTED_INCLUDE_IN_FRAMEWORK_HEADER = YES;
				CLANG_WARN_RANGE_LOOP_ANALYSIS = YES;
				CLANG_WARN_STRICT_PROTOTYPES = YES;
				CLANG_WARN_SUSPICIOUS_MOVE = YES;
				CLANG_WARN_UNGUARDED_AVAILABILITY = YES_AGGRESSIVE;
				CLANG_WARN_UNREACHABLE_CODE = YES;
				CLANG_WARN__DUPLICATE_METHOD_MATCH = YES;
				COPY_PHASE_STRIP = NO;
				DEBUG_INFORMATION_FORMAT = dwarf;
				ENABLE_STRICT_OBJC_MSGSEND = YES;
				ENABLE_TESTABILITY = YES;
				GCC_C_LANGUAGE_STANDARD = gnu11;
				GCC_DYNAMIC_NO_PIC = NO;
				GCC_NO_COMMON_BLOCKS = YES;
				GCC_OPTIMIZATION_LEVEL = 0;
				GCC_PREPROCESSOR_DEFINITIONS = (
					"DEBUG=1",
					"$(inherited)",
				);
				GCC_WARN_64_TO_32_BIT_CONVERSION = YES;
				GCC_WARN_ABOUT_RETURN_TYPE = YES_ERROR;
				GCC_WARN_UNDECLARED_SELECTOR = YES;
				GCC_WARN_UNINITIALIZED_AUTOS = YES_AGGRESSIVE;
				GCC_WARN_UNUSED_FUNCTION = YES;
				GCC_WARN_UNUSED_VARIABLE = YES;
				IPHONEOS_DEPLOYMENT_TARGET = 15.4;
				MTL_ENABLE_DEBUG_INFO = INCLUDE_SOURCE;
				MTL_FAST_MATH = YES;
				ONLY_ACTIVE_ARCH = YES;
				SDKROOT = iphoneos;
				SWIFT_ACTIVE_COMPILATION_CONDITIONS = DEBUG;
				SWIFT_OPTIMIZATION_LEVEL = "-Onone";
			};
			name = Debug;
		};
		C095ADFC282BE50700BA10D5 /* Release */ = {
			isa = XCBuildConfiguration;
			buildSettings = {
				ALWAYS_SEARCH_USER_PATHS = NO;
				CLANG_ANALYZER_NONNULL = YES;
				CLANG_ANALYZER_NUMBER_OBJECT_CONVERSION = YES_AGGRESSIVE;
				CLANG_CXX_LANGUAGE_STANDARD = "gnu++17";
				CLANG_ENABLE_MODULES = YES;
				CLANG_ENABLE_OBJC_ARC = YES;
				CLANG_ENABLE_OBJC_WEAK = YES;
				CLANG_WARN_BLOCK_CAPTURE_AUTORELEASING = YES;
				CLANG_WARN_BOOL_CONVERSION = YES;
				CLANG_WARN_COMMA = YES;
				CLANG_WARN_CONSTANT_CONVERSION = YES;
				CLANG_WARN_DEPRECATED_OBJC_IMPLEMENTATIONS = YES;
				CLANG_WARN_DIRECT_OBJC_ISA_USAGE = YES_ERROR;
				CLANG_WARN_DOCUMENTATION_COMMENTS = YES;
				CLANG_WARN_EMPTY_BODY = YES;
				CLANG_WARN_ENUM_CONVERSION = YES;
				CLANG_WARN_INFINITE_RECURSION = YES;
				CLANG_WARN_INT_CONVERSION = YES;
				CLANG_WARN_NON_LITERAL_NULL_CONVERSION = YES;
				CLANG_WARN_OBJC_IMPLICIT_RETAIN_SELF = YES;
				CLANG_WARN_OBJC_LITERAL_CONVERSION = YES;
				CLANG_WARN_OBJC_ROOT_CLASS = YES_ERROR;
				CLANG_WARN_QUOTED_INCLUDE_IN_FRAMEWORK_HEADER = YES;
				CLANG_WARN_RANGE_LOOP_ANALYSIS = YES;
				CLANG_WARN_STRICT_PROTOTYPES = YES;
				CLANG_WARN_SUSPICIOUS_MOVE = YES;
				CLANG_WARN_UNGUARDED_AVAILABILITY = YES_AGGRESSIVE;
				CLANG_WARN_UNREACHABLE_CODE = YES;
				CLANG_WARN__DUPLICATE_METHOD_MATCH = YES;
				COPY_PHASE_STRIP = NO;
				DEBUG_INFORMATION_FORMAT = "dwarf-with-dsym";
				ENABLE_NS_ASSERTIONS = NO;
				ENABLE_STRICT_OBJC_MSGSEND = YES;
				GCC_C_LANGUAGE_STANDARD = gnu11;
				GCC_NO_COMMON_BLOCKS = YES;
				GCC_WARN_64_TO_32_BIT_CONVERSION = YES;
				GCC_WARN_ABOUT_RETURN_TYPE = YES_ERROR;
				GCC_WARN_UNDECLARED_SELECTOR = YES;
				GCC_WARN_UNINITIALIZED_AUTOS = YES_AGGRESSIVE;
				GCC_WARN_UNUSED_FUNCTION = YES;
				GCC_WARN_UNUSED_VARIABLE = YES;
				IPHONEOS_DEPLOYMENT_TARGET = 15.4;
				MTL_ENABLE_DEBUG_INFO = NO;
				MTL_FAST_MATH = YES;
				SDKROOT = iphoneos;
				SWIFT_COMPILATION_MODE = wholemodule;
				SWIFT_OPTIMIZATION_LEVEL = "-O";
				VALIDATE_PRODUCT = YES;
			};
			name = Release;
		};
		C095ADFE282BE50700BA10D5 /* Debug */ = {
			isa = XCBuildConfiguration;
			buildSettings = {
				ASSETCATALOG_COMPILER_APPICON_NAME = AppIcon;
				ASSETCATALOG_COMPILER_GLOBAL_ACCENT_COLOR_NAME = AccentColor;
				CODE_SIGN_STYLE = Automatic;
				CURRENT_PROJECT_VERSION = 1;
				DEVELOPMENT_TEAM = 6NDM2TJS37;
				GENERATE_INFOPLIST_FILE = YES;
				INFOPLIST_FILE = InstagramCloneApp/Info.plist;
				INFOPLIST_KEY_UIApplicationSupportsIndirectInputEvents = YES;
				INFOPLIST_KEY_UILaunchStoryboardName = LaunchScreen;
				INFOPLIST_KEY_UISupportedInterfaceOrientations_iPad = "UIInterfaceOrientationPortrait UIInterfaceOrientationPortraitUpsideDown UIInterfaceOrientationLandscapeLeft UIInterfaceOrientationLandscapeRight";
				INFOPLIST_KEY_UISupportedInterfaceOrientations_iPhone = "UIInterfaceOrientationPortrait UIInterfaceOrientationLandscapeLeft UIInterfaceOrientationLandscapeRight";
				LD_RUNPATH_SEARCH_PATHS = (
					"$(inherited)",
					"@executable_path/Frameworks",
				);
				MARKETING_VERSION = 1.0;
				PRODUCT_BUNDLE_IDENTIFIER = kr.ac.induk.pjy.InstagramCloneApp;
				PRODUCT_NAME = "$(TARGET_NAME)";
				SWIFT_EMIT_LOC_STRINGS = YES;
				SWIFT_VERSION = 5.0;
				TARGETED_DEVICE_FAMILY = "1,2";
			};
			name = Debug;
		};
		C095ADFF282BE50700BA10D5 /* Release */ = {
			isa = XCBuildConfiguration;
			buildSettings = {
				ASSETCATALOG_COMPILER_APPICON_NAME = AppIcon;
				ASSETCATALOG_COMPILER_GLOBAL_ACCENT_COLOR_NAME = AccentColor;
				CODE_SIGN_STYLE = Automatic;
				CURRENT_PROJECT_VERSION = 1;
				DEVELOPMENT_TEAM = 6NDM2TJS37;
				GENERATE_INFOPLIST_FILE = YES;
				INFOPLIST_FILE = InstagramCloneApp/Info.plist;
				INFOPLIST_KEY_UIApplicationSupportsIndirectInputEvents = YES;
				INFOPLIST_KEY_UILaunchStoryboardName = LaunchScreen;
				INFOPLIST_KEY_UISupportedInterfaceOrientations_iPad = "UIInterfaceOrientationPortrait UIInterfaceOrientationPortraitUpsideDown UIInterfaceOrientationLandscapeLeft UIInterfaceOrientationLandscapeRight";
				INFOPLIST_KEY_UISupportedInterfaceOrientations_iPhone = "UIInterfaceOrientationPortrait UIInterfaceOrientationLandscapeLeft UIInterfaceOrientationLandscapeRight";
				LD_RUNPATH_SEARCH_PATHS = (
					"$(inherited)",
					"@executable_path/Frameworks",
				);
				MARKETING_VERSION = 1.0;
				PRODUCT_BUNDLE_IDENTIFIER = kr.ac.induk.pjy.InstagramCloneApp;
				PRODUCT_NAME = "$(TARGET_NAME)";
				SWIFT_EMIT_LOC_STRINGS = YES;
				SWIFT_VERSION = 5.0;
				TARGETED_DEVICE_FAMILY = "1,2";
			};
			name = Release;
		};
/* End XCBuildConfiguration section */

/* Begin XCConfigurationList section */
		C095ADE4282BE50400BA10D5 /* Build configuration list for PBXProject "InstagramCloneApp" */ = {
			isa = XCConfigurationList;
			buildConfigurations = (
				C095ADFB282BE50700BA10D5 /* Debug */,
				C095ADFC282BE50700BA10D5 /* Release */,
			);
			defaultConfigurationIsVisible = 0;
			defaultConfigurationName = Release;
		};
		C095ADFD282BE50700BA10D5 /* Build configuration list for PBXNativeTarget "InstagramCloneApp" */ = {
			isa = XCConfigurationList;
			buildConfigurations = (
				C095ADFE282BE50700BA10D5 /* Debug */,
				C095ADFF282BE50700BA10D5 /* Release */,
			);
			defaultConfigurationIsVisible = 0;
			defaultConfigurationName = Release;
		};
/* End XCConfigurationList section */

/* Begin XCRemoteSwiftPackageReference section */
		C095AE00282BE55300BA10D5 /* XCRemoteSwiftPackageReference "SnapKit" */ = {
			isa = XCRemoteSwiftPackageReference;
			repositoryURL = "https://github.com/SnapKit/SnapKit.git";
			requirement = {
				branch = develop;
				kind = branch;
			};
		};
/* End XCRemoteSwiftPackageReference section */

/* Begin XCSwiftPackageProductDependency section */
		C095AE01282BE55300BA10D5 /* SnapKit */ = {
			isa = XCSwiftPackageProductDependency;
			package = C095AE00282BE55300BA10D5 /* XCRemoteSwiftPackageReference "SnapKit" */;
			productName = SnapKit;
		};
/* End XCSwiftPackageProductDependency section */
	};
	rootObject = C095ADE1282BE50400BA10D5 /* Project object */;
}
